// !$*UTF8*$!
{
	archiveVersion = 1;
	classes = {
	};
	objectVersion = 56;
	objects = {

/* Begin PBXBuildFile section */
		055EDE5A2A3C87BA0083E1CE /* AppDelegate.swift in Sources */ = {isa = PBXBuildFile; fileRef = 055EDE592A3C87BA0083E1CE /* AppDelegate.swift */; };
		055EDE5C2A3C87BA0083E1CE /* SceneDelegate.swift in Sources */ = {isa = PBXBuildFile; fileRef = 055EDE5B2A3C87BA0083E1CE /* SceneDelegate.swift */; };
		055EDE5E2A3C87BA0083E1CE /* ViewController.swift in Sources */ = {isa = PBXBuildFile; fileRef = 055EDE5D2A3C87BA0083E1CE /* ViewController.swift */; };
		055EDE612A3C87BA0083E1CE /* Main.storyboard in Resources */ = {isa = PBXBuildFile; fileRef = 055EDE5F2A3C87BA0083E1CE /* Main.storyboard */; };
		055EDE632A3C87BB0083E1CE /* Assets.xcassets in Resources */ = {isa = PBXBuildFile; fileRef = 055EDE622A3C87BB0083E1CE /* Assets.xcassets */; };
		055EDE662A3C87BB0083E1CE /* LaunchScreen.storyboard in Resources */ = {isa = PBXBuildFile; fileRef = 055EDE642A3C87BB0083E1CE /* LaunchScreen.storyboard */; };
		055EDE6E2A3C8D4C0083E1CE /* CalendarCell.swift in Sources */ = {isa = PBXBuildFile; fileRef = 055EDE6D2A3C8D4C0083E1CE /* CalendarCell.swift */; };
		055EDE702A3C92120083E1CE /* CalendarHelper.swift in Sources */ = {isa = PBXBuildFile; fileRef = 055EDE6F2A3C92120083E1CE /* CalendarHelper.swift */; };
/* End PBXBuildFile section */

/* Begin PBXFileReference section */
		055EDE562A3C87BA0083E1CE /* Organiser.app */ = {isa = PBXFileReference; explicitFileType = wrapper.application; includeInIndex = 0; path = Organiser.app; sourceTree = BUILT_PRODUCTS_DIR; };
		055EDE592A3C87BA0083E1CE /* AppDelegate.swift */ = {isa = PBXFileReference; lastKnownFileType = sourcecode.swift; path = AppDelegate.swift; sourceTree = "<group>"; };
		055EDE5B2A3C87BA0083E1CE /* SceneDelegate.swift */ = {isa = PBXFileReference; lastKnownFileType = sourcecode.swift; path = SceneDelegate.swift; sourceTree = "<group>"; };
		055EDE5D2A3C87BA0083E1CE /* ViewController.swift */ = {isa = PBXFileReference; lastKnownFileType = sourcecode.swift; path = ViewController.swift; sourceTree = "<group>"; };
		055EDE602A3C87BA0083E1CE /* Base */ = {isa = PBXFileReference; lastKnownFileType = file.storyboard; name = Base; path = Base.lproj/Main.storyboard; sourceTree = "<group>"; };
		055EDE622A3C87BB0083E1CE /* Assets.xcassets */ = {isa = PBXFileReference; lastKnownFileType = folder.assetcatalog; path = Assets.xcassets; sourceTree = "<group>"; };
		055EDE652A3C87BB0083E1CE /* Base */ = {isa = PBXFileReference; lastKnownFileType = file.storyboard; name = Base; path = Base.lproj/LaunchScreen.storyboard; sourceTree = "<group>"; };
		055EDE672A3C87BB0083E1CE /* Info.plist */ = {isa = PBXFileReference; lastKnownFileType = text.plist.xml; path = Info.plist; sourceTree = "<group>"; };
		055EDE6D2A3C8D4C0083E1CE /* CalendarCell.swift */ = {isa = PBXFileReference; lastKnownFileType = sourcecode.swift; path = CalendarCell.swift; sourceTree = "<group>"; };
		055EDE6F2A3C92120083E1CE /* CalendarHelper.swift */ = {isa = PBXFileReference; lastKnownFileType = sourcecode.swift; path = CalendarHelper.swift; sourceTree = "<group>"; };
/* End PBXFileReference section */

/* Begin PBXFrameworksBuildPhase section */
		055EDE532A3C87BA0083E1CE /* Frameworks */ = {
			isa = PBXFrameworksBuildPhase;
			buildActionMask = 2147483647;
			files = (
			);
			runOnlyForDeploymentPostprocessing = 0;
		};
/* End PBXFrameworksBuildPhase section */

/* Begin PBXGroup section */
		055EDE4D2A3C87BA0083E1CE = {
			isa = PBXGroup;
			children = (
				055EDE582A3C87BA0083E1CE /* Organiser */,
				055EDE572A3C87BA0083E1CE /* Products */,
			);
			sourceTree = "<group>";
		};
		055EDE572A3C87BA0083E1CE /* Products */ = {
			isa = PBXGroup;
			children = (
				055EDE562A3C87BA0083E1CE /* Organiser.app */,
			);
			name = Products;
			sourceTree = "<group>";
		};
		055EDE582A3C87BA0083E1CE /* Organiser */ = {
			isa = PBXGroup;
			children = (
				055EDE592A3C87BA0083E1CE /* AppDelegate.swift */,
				055EDE5B2A3C87BA0083E1CE /* SceneDelegate.swift */,
				055EDE5D2A3C87BA0083E1CE /* ViewController.swift */,
				055EDE6D2A3C8D4C0083E1CE /* CalendarCell.swift */,
				055EDE5F2A3C87BA0083E1CE /* Main.storyboard */,
				055EDE6F2A3C92120083E1CE /* CalendarHelper.swift */,
				055EDE622A3C87BB0083E1CE /* Assets.xcassets */,
				055EDE642A3C87BB0083E1CE /* LaunchScreen.storyboard */,
				055EDE672A3C87BB0083E1CE /* Info.plist */,
			);
			path = Organiser;
			sourceTree = "<group>";
		};
/* End PBXGroup section */

/* Begin PBXNativeTarget section */
		055EDE552A3C87BA0083E1CE /* Organiser */ = {
			isa = PBXNativeTarget;
			buildConfigurationList = 055EDE6A2A3C87BB0083E1CE /* Build configuration list for PBXNativeTarget "Organiser" */;
			buildPhases = (
				055EDE522A3C87BA0083E1CE /* Sources */,
				055EDE532A3C87BA0083E1CE /* Frameworks */,
				055EDE542A3C87BA0083E1CE /* Resources */,
			);
			buildRules = (
			);
			dependencies = (
			);
			name = Organiser;
			productName = Organiser;
			productReference = 055EDE562A3C87BA0083E1CE /* Organiser.app */;
			productType = "com.apple.product-type.application";
		};
/* End PBXNativeTarget section */

/* Begin PBXProject section */
		055EDE4E2A3C87BA0083E1CE /* Project object */ = {
			isa = PBXProject;
			attributes = {
				BuildIndependentTargetsInParallel = 1;
				LastSwiftUpdateCheck = 1430;
				LastUpgradeCheck = 1430;
				TargetAttributes = {
					055EDE552A3C87BA0083E1CE = {
						CreatedOnToolsVersion = 14.3.1;
					};
				};
			};
			buildConfigurationList = 055EDE512A3C87BA0083E1CE /* Build configuration list for PBXProject "Organiser" */;
			compatibilityVersion = "Xcode 14.0";
			developmentRegion = en;
			hasScannedForEncodings = 0;
			knownRegions = (
				en,
				Base,
			);
			mainGroup = 055EDE4D2A3C87BA0083E1CE;
			productRefGroup = 055EDE572A3C87BA0083E1CE /* Products */;
			projectDirPath = "";
			projectRoot = "";
			targets = (
				055EDE552A3C87BA0083E1CE /* Organiser */,
			);
		};
/* End PBXProject section */

/* Begin PBXResourcesBuildPhase section */
		055EDE542A3C87BA0083E1CE /* Resources */ = {
			isa = PBXResourcesBuildPhase;
			buildActionMask = 2147483647;
			files = (
				055EDE662A3C87BB0083E1CE /* LaunchScreen.storyboard in Resources */,
				055EDE632A3C87BB0083E1CE /* Assets.xcassets in Resources */,
				055EDE612A3C87BA0083E1CE /* Main.storyboard in Resources */,
			);
			runOnlyForDeploymentPostprocessing = 0;
		};
/* End PBXResourcesBuildPhase section */

/* Begin PBXSourcesBuildPhase section */
		055EDE522A3C87BA0083E1CE /* Sources */ = {
			isa = PBXSourcesBuildPhase;
			buildActionMask = 2147483647;
			files = (
				055EDE702A3C92120083E1CE /* CalendarHelper.swift in Sources */,
				055EDE5E2A3C87BA0083E1CE /* ViewController.swift in Sources */,
				055EDE5A2A3C87BA0083E1CE /* AppDelegate.swift in Sources */,
				055EDE5C2A3C87BA0083E1CE /* SceneDelegate.swift in Sources */,
				055EDE6E2A3C8D4C0083E1CE /* CalendarCell.swift in Sources */,
			);
			runOnlyForDeploymentPostprocessing = 0;
		};
/* End PBXSourcesBuildPhase section */

/* Begin PBXVariantGroup section */
		055EDE5F2A3C87BA0083E1CE /* Main.storyboard */ = {
			isa = PBXVariantGroup;
			children = (
				055EDE602A3C87BA0083E1CE /* Base */,
			);
			name = Main.storyboard;
			sourceTree = "<group>";
		};
		055EDE642A3C87BB0083E1CE /* LaunchScreen.storyboard */ = {
			isa = PBXVariantGroup;
			children = (
				055EDE652A3C87BB0083E1CE /* Base */,
			);
			name = LaunchScreen.storyboard;
			sourceTree = "<group>";
		};
/* End PBXVariantGroup section */

/* Begin XCBuildConfiguration section */
		055EDE682A3C87BB0083E1CE /* Debug */ = {
			isa = XCBuildConfiguration;
			buildSettings = {
				ALWAYS_SEARCH_USER_PATHS = NO;
				CLANG_ANALYZER_NONNULL = YES;
				CLANG_ANALYZER_NUMBER_OBJECT_CONVERSION = YES_AGGRESSIVE;
				CLANG_CXX_LANGUAGE_STANDARD = "gnu++20";
				CLANG_ENABLE_MODULES = YES;
				CLANG_ENABLE_OBJC_ARC = YES;
				CLANG_ENABLE_OBJC_WEAK = YES;
				CLANG_WARN_BLOCK_CAPTURE_AUTORELEASING = YES;
				CLANG_WARN_BOOL_CONVERSION = YES;
				CLANG_WARN_COMMA = YES;
				CLANG_WARN_CONSTANT_CONVERSION = YES;
				CLANG_WARN_DEPRECATED_OBJC_IMPLEMENTATIONS = YES;
				CLANG_WARN_DIRECT_OBJC_ISA_USAGE = YES_ERROR;
				CLANG_WARN_DOCUMENTATION_COMMENTS = YES;
				CLANG_WARN_EMPTY_BODY = YES;
				CLANG_WARN_ENUM_CONVERSION = YES;
				CLANG_WARN_INFINITE_RECURSION = YES;
				CLANG_WARN_INT_CONVERSION = YES;
				CLANG_WARN_NON_LITERAL_NULL_CONVERSION = YES;
				CLANG_WARN_OBJC_IMPLICIT_RETAIN_SELF = YES;
				CLANG_WARN_OBJC_LITERAL_CONVERSION = YES;
				CLANG_WARN_OBJC_ROOT_CLASS = YES_ERROR;
				CLANG_WARN_QUOTED_INCLUDE_IN_FRAMEWORK_HEADER = YES;
				CLANG_WARN_RANGE_LOOP_ANALYSIS = YES;
				CLANG_WARN_STRICT_PROTOTYPES = YES;
				CLANG_WARN_SUSPICIOUS_MOVE = YES;
				CLANG_WARN_UNGUARDED_AVAILABILITY = YES_AGGRESSIVE;
				CLANG_WARN_UNREACHABLE_CODE = YES;
				CLANG_WARN__DUPLICATE_METHOD_MATCH = YES;
				COPY_PHASE_STRIP = NO;
				DEBUG_INFORMATION_FORMAT = dwarf;
				ENABLE_STRICT_OBJC_MSGSEND = YES;
				ENABLE_TESTABILITY = YES;
				GCC_C_LANGUAGE_STANDARD = gnu11;
				GCC_DYNAMIC_NO_PIC = NO;
				GCC_NO_COMMON_BLOCKS = YES;
				GCC_OPTIMIZATION_LEVEL = 0;
				GCC_PREPROCESSOR_DEFINITIONS = (
					"DEBUG=1",
					"$(inherited)",
				);
				GCC_WARN_64_TO_32_BIT_CONVERSION = YES;
				GCC_WARN_ABOUT_RETURN_TYPE = YES_ERROR;
				GCC_WARN_UNDECLARED_SELECTOR = YES;
				GCC_WARN_UNINITIALIZED_AUTOS = YES_AGGRESSIVE;
				GCC_WARN_UNUSED_FUNCTION = YES;
				GCC_WARN_UNUSED_VARIABLE = YES;
				IPHONEOS_DEPLOYMENT_TARGET = 16.4;
				MTL_ENABLE_DEBUG_INFO = INCLUDE_SOURCE;
				MTL_FAST_MATH = YES;
				ONLY_ACTIVE_ARCH = YES;
				SDKROOT = iphoneos;
				SWIFT_ACTIVE_COMPILATION_CONDITIONS = DEBUG;
				SWIFT_OPTIMIZATION_LEVEL = "-Onone";
			};
			name = Debug;
		};
		055EDE692A3C87BB0083E1CE /* Release */ = {
			isa = XCBuildConfiguration;
			buildSettings = {
				ALWAYS_SEARCH_USER_PATHS = NO;
				CLANG_ANALYZER_NONNULL = YES;
				CLANG_ANALYZER_NUMBER_OBJECT_CONVERSION = YES_AGGRESSIVE;
				CLANG_CXX_LANGUAGE_STANDARD = "gnu++20";
				CLANG_ENABLE_MODULES = YES;
				CLANG_ENABLE_OBJC_ARC = YES;
				CLANG_ENABLE_OBJC_WEAK = YES;
				CLANG_WARN_BLOCK_CAPTURE_AUTORELEASING = YES;
				CLANG_WARN_BOOL_CONVERSION = YES;
				CLANG_WARN_COMMA = YES;
				CLANG_WARN_CONSTANT_CONVERSION = YES;
				CLANG_WARN_DEPRECATED_OBJC_IMPLEMENTATIONS = YES;
				CLANG_WARN_DIRECT_OBJC_ISA_USAGE = YES_ERROR;
				CLANG_WARN_DOCUMENTATION_COMMENTS = YES;
				CLANG_WARN_EMPTY_BODY = YES;
				CLANG_WARN_ENUM_CONVERSION = YES;
				CLANG_WARN_INFINITE_RECURSION = YES;
				CLANG_WARN_INT_CONVERSION = YES;
				CLANG_WARN_NON_LITERAL_NULL_CONVERSION = YES;
				CLANG_WARN_OBJC_IMPLICIT_RETAIN_SELF = YES;
				CLANG_WARN_OBJC_LITERAL_CONVERSION = YES;
				CLANG_WARN_OBJC_ROOT_CLASS = YES_ERROR;
				CLANG_WARN_QUOTED_INCLUDE_IN_FRAMEWORK_HEADER = YES;
				CLANG_WARN_RANGE_LOOP_ANALYSIS = YES;
				CLANG_WARN_STRICT_PROTOTYPES = YES;
				CLANG_WARN_SUSPICIOUS_MOVE = YES;
				CLANG_WARN_UNGUARDED_AVAILABILITY = YES_AGGRESSIVE;
				CLANG_WARN_UNREACHABLE_CODE = YES;
				CLANG_WARN__DUPLICATE_METHOD_MATCH = YES;
				COPY_PHASE_STRIP = NO;
				DEBUG_INFORMATION_FORMAT = "dwarf-with-dsym";
				ENABLE_NS_ASSERTIONS = NO;
				ENABLE_STRICT_OBJC_MSGSEND = YES;
				GCC_C_LANGUAGE_STANDARD = gnu11;
				GCC_NO_COMMON_BLOCKS = YES;
				GCC_WARN_64_TO_32_BIT_CONVERSION = YES;
				GCC_WARN_ABOUT_RETURN_TYPE = YES_ERROR;
				GCC_WARN_UNDECLARED_SELECTOR = YES;
				GCC_WARN_UNINITIALIZED_AUTOS = YES_AGGRESSIVE;
				GCC_WARN_UNUSED_FUNCTION = YES;
				GCC_WARN_UNUSED_VARIABLE = YES;
				IPHONEOS_DEPLOYMENT_TARGET = 16.4;
				MTL_ENABLE_DEBUG_INFO = NO;
				MTL_FAST_MATH = YES;
				SDKROOT = iphoneos;
				SWIFT_COMPILATION_MODE = wholemodule;
				SWIFT_OPTIMIZATION_LEVEL = "-O";
				VALIDATE_PRODUCT = YES;
			};
			name = Release;
		};
		055EDE6B2A3C87BB0083E1CE /* Debug */ = {
			isa = XCBuildConfiguration;
			buildSettings = {
				ASSETCATALOG_COMPILER_APPICON_NAME = AppIcon;
				ASSETCATALOG_COMPILER_GLOBAL_ACCENT_COLOR_NAME = AccentColor;
				CODE_SIGN_STYLE = Automatic;
				CURRENT_PROJECT_VERSION = 1;
				DEVELOPMENT_TEAM = D8YV473Z78;
				GENERATE_INFOPLIST_FILE = YES;
				INFOPLIST_FILE = Organiser/Info.plist;
				INFOPLIST_KEY_UIApplicationSupportsIndirectInputEvents = YES;
				INFOPLIST_KEY_UILaunchStoryboardName = LaunchScreen;
				INFOPLIST_KEY_UIMainStoryboardFile = Main;
				INFOPLIST_KEY_UISupportedInterfaceOrientations_iPad = "UIInterfaceOrientationPortrait UIInterfaceOrientationPortraitUpsideDown UIInterfaceOrientationLandscapeLeft UIInterfaceOrientationLandscapeRight";
				INFOPLIST_KEY_UISupportedInterfaceOrientations_iPhone = "UIInterfaceOrientationPortrait UIInterfaceOrientationLandscapeLeft UIInterfaceOrientationLandscapeRight";
				LD_RUNPATH_SEARCH_PATHS = (
					"$(inherited)",
					"@executable_path/Frameworks",
				);
				MARKETING_VERSION = 1.0;
				PRODUCT_BUNDLE_IDENTIFIER = CallumJ.Organiser;
				PRODUCT_NAME = "$(TARGET_NAME)";
				SWIFT_EMIT_LOC_STRINGS = YES;
				SWIFT_VERSION = 5.0;
				TARGETED_DEVICE_FAMILY = "1,2";
			};
			name = Debug;
		};
		055EDE6C2A3C87BB0083E1CE /* Release */ = {
			isa = XCBuildConfiguration;
			buildSettings = {
				ASSETCATALOG_COMPILER_APPICON_NAME = AppIcon;
				ASSETCATALOG_COMPILER_GLOBAL_ACCENT_COLOR_NAME = AccentColor;
				CODE_SIGN_STYLE = Automatic;
				CURRENT_PROJECT_VERSION = 1;
				DEVELOPMENT_TEAM = D8YV473Z78;
				GENERATE_INFOPLIST_FILE = YES;
				INFOPLIST_FILE = Organiser/Info.plist;
				INFOPLIST_KEY_UIApplicationSupportsIndirectInputEvents = YES;
				INFOPLIST_KEY_UILaunchStoryboardName = LaunchScreen;
				INFOPLIST_KEY_UIMainStoryboardFile = Main;
				INFOPLIST_KEY_UISupportedInterfaceOrientations_iPad = "UIInterfaceOrientationPortrait UIInterfaceOrientationPortraitUpsideDown UIInterfaceOrientationLandscapeLeft UIInterfaceOrientationLandscapeRight";
				INFOPLIST_KEY_UISupportedInterfaceOrientations_iPhone = "UIInterfaceOrientationPortrait UIInterfaceOrientationLandscapeLeft UIInterfaceOrientationLandscapeRight";
				LD_RUNPATH_SEARCH_PATHS = (
					"$(inherited)",
					"@executable_path/Frameworks",
				);
				MARKETING_VERSION = 1.0;
				PRODUCT_BUNDLE_IDENTIFIER = CallumJ.Organiser;
				PRODUCT_NAME = "$(TARGET_NAME)";
				SWIFT_EMIT_LOC_STRINGS = YES;
				SWIFT_VERSION = 5.0;
				TARGETED_DEVICE_FAMILY = "1,2";
			};
			name = Release;
		};
/* End XCBuildConfiguration section */

/* Begin XCConfigurationList section */
		055EDE512A3C87BA0083E1CE /* Build configuration list for PBXProject "Organiser" */ = {
			isa = XCConfigurationList;
			buildConfigurations = (
				055EDE682A3C87BB0083E1CE /* Debug */,
				055EDE692A3C87BB0083E1CE /* Release */,
			);
			defaultConfigurationIsVisible = 0;
			defaultConfigurationName = Release;
		};
		055EDE6A2A3C87BB0083E1CE /* Build configuration list for PBXNativeTarget "Organiser" */ = {
			isa = XCConfigurationList;
			buildConfigurations = (
				055EDE6B2A3C87BB0083E1CE /* Debug */,
				055EDE6C2A3C87BB0083E1CE /* Release */,
			);
			defaultConfigurationIsVisible = 0;
			defaultConfigurationName = Release;
		};
/* End XCConfigurationList section */
	};
	rootObject = 055EDE4E2A3C87BA0083E1CE /* Project object */;
}
